{
  "name": "rln-circuits",
  "version": "1.0.0",
  "lockfileVersion": 2,
  "requires": true,
  "packages": {
    "": {
      "name": "rln-circuits",
      "version": "1.0.0",
      "license": "ISC",
      "devDependencies": {
        "circomlib": "^2.0.1"
      }
    },
    "node_modules/circomlib": {
      "version": "2.0.1",
      "resolved": "https://registry.npmjs.org/circomlib/-/circomlib-2.0.1.tgz",
      "integrity": "sha512-YVHukTcOrm+BtIrb1h58qDzIpyx7FurTt82sxC2VJmz2GGuXmvMiKUNHfCajGo7ZPpQqzRCh97ALZ0X72FJZCA==",
      "dev": true
    }
  },
  "dependencies": {
    "circomlib": {
      "version": "2.0.1",
      "resolved": "https://registry.npmjs.org/circomlib/-/circomlib-2.0.1.tgz",
      "integrity": "sha512-YVHukTcOrm+BtIrb1h58qDzIpyx7FurTt82sxC2VJmz2GGuXmvMiKUNHfCajGo7ZPpQqzRCh97ALZ0X72FJZCA==",
      "dev": true
    }
  }
}
